
Microsoft Visual Studio Solution File, Format Version 12.00
# Visual Studio Version 17
VisualStudioVersion = 17.0.31903.59
MinimumVisualStudioVersion = 10.0.40219.1
Project("{54A90642-561A-4BB1-A94E-469ADEE60C69}") = "projectsoftware", "ProjectSoftware\projectsoftware.esproj", "{461AFBA7-3DBA-4EB9-B6F9-CB769A3125FB}"
EndProject
Project("{9A19103F-16F7-4668-BE54-9A1E7A4F7556}") = "ProjectSoftwareASP", "ProjectSoftwareASP\ProjectSoftwareASP.csproj", "{7D5501DD-4356-4160-BF1B-289717809FB4}"
	ProjectSection(ProjectDependencies) = postProject
		{461AFBA7-3DBA-4EB9-B6F9-CB769A3125FB} = {461AFBA7-3DBA-4EB9-B6F9-CB769A3125FB}
	EndProjectSection
EndProject
Global
	GlobalSection(SolutionConfigurationPlatforms) = preSolution
		Debug|Any CPU = Debug|Any CPU
		Release|Any CPU = Release|Any CPU
	EndGlobalSection
	GlobalSection(ProjectConfigurationPlatforms) = postSolution
		{461AFBA7-3DBA-4EB9-B6F9-CB769A3125FB}.Debug|Any CPU.ActiveCfg = Debug|Any CPU
		{461AFBA7-3DBA-4EB9-B6F9-CB769A3125FB}.Debug|Any CPU.Build.0 = Debug|Any CPU
		{461AFBA7-3DBA-4EB9-B6F9-CB769A3125FB}.Debug|Any CPU.Deploy.0 = Debug|Any CPU
		{461AFBA7-3DBA-4EB9-B6F9-CB769A3125FB}.Release|Any CPU.ActiveCfg = Release|Any CPU
		{461AFBA7-3DBA-4EB9-B6F9-CB769A3125FB}.Release|Any CPU.Build.0 = Release|Any CPU
		{461AFBA7-3DBA-4EB9-B6F9-CB769A3125FB}.Release|Any CPU.Deploy.0 = Release|Any CPU
		{7D5501DD-4356-4160-BF1B-289717809FB4}.Debug|Any CPU.ActiveCfg = Debug|Any CPU
		{7D5501DD-4356-4160-BF1B-289717809FB4}.Debug|Any CPU.Build.0 = Debug|Any CPU
		{7D5501DD-4356-4160-BF1B-289717809FB4}.Release|Any CPU.ActiveCfg = Release|Any CPU
		{7D5501DD-4356-4160-BF1B-289717809FB4}.Release|Any CPU.Build.0 = Release|Any CPU
	EndGlobalSection
	GlobalSection(SolutionProperties) = preSolution
		HideSolutionNode = FALSE
	EndGlobalSection
	GlobalSection(ExtensibilityGlobals) = postSolution
		SolutionGuid = {BD8892D0-A68A-4DAB-AC99-764D904CA485}
	EndGlobalSection
EndGlobal
